
Microsoft Visual Studio Solution File, Format Version 12.00
# Visual Studio Version 17
VisualStudioVersion = 17.6.33815.320
MinimumVisualStudioVersion = 10.0.40219.1
Project("{9A19103F-16F7-4668-BE54-9A1E7A4F7556}") = "API", "API\API.csproj", "{48C71871-F03A-494F-8B74-4D1B55E2534F}"
EndProject
Project("{9A19103F-16F7-4668-BE54-9A1E7A4F7556}") = "Core", "Core\Core.csproj", "{2951AEAE-9BAB-432D-ACAB-2A7F7B19FCF6}"
EndProject
Project("{9A19103F-16F7-4668-BE54-9A1E7A4F7556}") = "Infrastructure", "Infrastructure\Infrastructure.csproj", "{46004DE6-E340-4B67-B06A-0330F19A16F4}"
EndProject
Project("{2150E333-8FDC-42A3-9474-1A3956D46DE8}") = "Solution Items", "Solution Items", "{7163EB9A-3E57-4A8F-9E22-D1174F900DE2}"
	ProjectSection(SolutionItems) = preProject
		README.md = README.md
	EndProjectSection
EndProject
Global
	GlobalSection(SolutionConfigurationPlatforms) = preSolution
		Debug|Any CPU = Debug|Any CPU
		Release|Any CPU = Release|Any CPU
	EndGlobalSection
	GlobalSection(ProjectConfigurationPlatforms) = postSolution
		{48C71871-F03A-494F-8B74-4D1B55E2534F}.Debug|Any CPU.ActiveCfg = Debug|Any CPU
		{48C71871-F03A-494F-8B74-4D1B55E2534F}.Debug|Any CPU.Build.0 = Debug|Any CPU
		{48C71871-F03A-494F-8B74-4D1B55E2534F}.Release|Any CPU.ActiveCfg = Release|Any CPU
		{48C71871-F03A-494F-8B74-4D1B55E2534F}.Release|Any CPU.Build.0 = Release|Any CPU
		{2951AEAE-9BAB-432D-ACAB-2A7F7B19FCF6}.Debug|Any CPU.ActiveCfg = Debug|Any CPU
		{2951AEAE-9BAB-432D-ACAB-2A7F7B19FCF6}.Debug|Any CPU.Build.0 = Debug|Any CPU
		{2951AEAE-9BAB-432D-ACAB-2A7F7B19FCF6}.Release|Any CPU.ActiveCfg = Release|Any CPU
		{2951AEAE-9BAB-432D-ACAB-2A7F7B19FCF6}.Release|Any CPU.Build.0 = Release|Any CPU
		{46004DE6-E340-4B67-B06A-0330F19A16F4}.Debug|Any CPU.ActiveCfg = Debug|Any CPU
		{46004DE6-E340-4B67-B06A-0330F19A16F4}.Debug|Any CPU.Build.0 = Debug|Any CPU
		{46004DE6-E340-4B67-B06A-0330F19A16F4}.Release|Any CPU.ActiveCfg = Release|Any CPU
		{46004DE6-E340-4B67-B06A-0330F19A16F4}.Release|Any CPU.Build.0 = Release|Any CPU
	EndGlobalSection
	GlobalSection(SolutionProperties) = preSolution
		HideSolutionNode = FALSE
	EndGlobalSection
	GlobalSection(ExtensibilityGlobals) = postSolution
		SolutionGuid = {7E9099C2-4193-407D-BB9F-9BE3D49474ED}
	EndGlobalSection
EndGlobal
